<?xml version="1.0" encoding="utf-8"?>
<Project ToolsVersion="4.0" xmlns="http://schemas.microsoft.com/developer/msbuild/2003">
  <ItemGroup>
    <Filter Include="Core">
      <UniqueIdentifier>{460c9574-cd3f-4954-95ad-03c59b19ec00}</UniqueIdentifier>
    </Filter>
    <Filter Include="tools">
      <UniqueIdentifier>{c1843cdd-5cdb-4df6-80d7-888ba1348c7e}</UniqueIdentifier>
    </Filter>
    <Filter Include="Core\MapGen">
      <UniqueIdentifier>{c3417e14-6780-4040-8219-9b32aef22c51}</UniqueIdentifier>
    </Filter>
    <Filter Include="Core\Agents">
      <UniqueIdentifier>{ceb7abd4-d9b3-4d64-91bf-4efd67815e5a}</UniqueIdentifier>
    </Filter>
    <Filter Include="Render">
      <UniqueIdentifier>{cc0a8f1c-3e24-4f58-94d5-aaf0599aa53d}</UniqueIdentifier>
    </Filter>
    <Filter Include="Window">
      <UniqueIdentifier>{24067ff2-83f3-44f5-8544-3e03654695a9}</UniqueIdentifier>
    </Filter>
    <Filter Include="network">
      <UniqueIdentifier>{5167f8a9-c11b-46f5-b8c4-6499054292af}</UniqueIdentifier>
    </Filter>
    <Filter Include="Core\tessellator">
      <UniqueIdentifier>{2feb6842-a114-4c9f-a902-127e8c8d6473}</UniqueIdentifier>
    </Filter>
    <Filter Include="3rdparty">
      <UniqueIdentifier>{064589c8-2a89-44ab-8cbc-9a6b22869bbd}</UniqueIdentifier>
    </Filter>
    <Filter Include="3rdparty\lodepng">
      <UniqueIdentifier>{a032ce15-3102-4c85-951b-897c1582c372}</UniqueIdentifier>
    </Filter>
    <Filter Include="3rdparty\imgui">
      <UniqueIdentifier>{7f7b3b83-cdc1-46e0-bdb7-ea19d9dc9138}</UniqueIdentifier>
    </Filter>
    <Filter Include="gui">
      <UniqueIdentifier>{e3552fd7-a7b1-461a-8ffe-513546b9cae2}</UniqueIdentifier>
    </Filter>
    <Filter Include="Core\Template">
      <UniqueIdentifier>{9ff9d70a-f382-4254-8b00-4189a4d797ef}</UniqueIdentifier>
    </Filter>
    <Filter Include="3rdparty\tiny_obj_load">
      <UniqueIdentifier>{a62715c2-bd5f-452a-8720-2774cb9b1254}</UniqueIdentifier>
    </Filter>
    <Filter Include="Core\orders">
      <UniqueIdentifier>{440cb647-3511-43ea-ad38-2510e230ccdb}</UniqueIdentifier>
    </Filter>
    <Filter Include="Core\events">
      <UniqueIdentifier>{c0ae2a91-b8ce-4959-bbc3-ed4469afb2a7}</UniqueIdentifier>
    </Filter>
  </ItemGroup>
  <ItemGroup>
    <ClCompile Include="FpsCounter.cpp" />
    <ClCompile Include="Game.cpp" />
    <ClCompile Include="main.cpp" />
    <ClCompile Include="Core\Sector.cpp">
      <Filter>Core</Filter>
    </ClCompile>
    <ClCompile Include="Core\World.cpp">
      <Filter>Core</Filter>
    </ClCompile>
    <ClCompile Include="Core\SectorLoader.cpp">
      <Filter>Core</Filter>
    </ClCompile>
    <ClCompile Include="Core\Agent.cpp">
      <Filter>Core\Agents</Filter>
    </ClCompile>
    <ClCompile Include="Core\PositionAgent.cpp">
      <Filter>Core\Agents</Filter>
    </ClCompile>
    <ClCompile Include="Core\PhysicAgent.cpp">
      <Filter>Core\Agents</Filter>
    </ClCompile>
    <ClCompile Include="tools\StringIntern.cpp">
      <Filter>tools</Filter>
    </ClCompile>
    <ClCompile Include="tools\Bresenham3D.cpp">
      <Filter>tools</Filter>
    </ClCompile>
    <ClCompile Include="Core\DB.cpp">
      <Filter>Core</Filter>
    </ClCompile>
    <ClCompile Include="Render\Atlas.cpp">
      <Filter>Render</Filter>
    </ClCompile>
    <ClCompile Include="Render\Bitmap.cpp">
      <Filter>Render</Filter>
    </ClCompile>
    <ClCompile Include="Render\Camera.cpp">
      <Filter>Render</Filter>
    </ClCompile>
    <ClCompile Include="Render\Color.cpp">
      <Filter>Render</Filter>
    </ClCompile>
    <ClCompile Include="Render\Texture.cpp">
      <Filter>Render</Filter>
    </ClCompile>
    <ClCompile Include="Render\TextureManager.cpp">
      <Filter>Render</Filter>
    </ClCompile>
    <ClCompile Include="Window\Window.cpp">
      <Filter>Window</Filter>
    </ClCompile>
    <ClCompile Include="lodepng\lodepng.cpp">
      <Filter>3rdparty\lodepng</Filter>
    </ClCompile>
    <ClCompile Include="Render\RenderMeshDList.cpp">
      <Filter>Render</Filter>
    </ClCompile>
    <ClCompile Include="Core\MapGen\WorldWorker.cpp">
      <Filter>Core\MapGen</Filter>
    </ClCompile>
    <ClCompile Include="Render\Model.cpp">
      <Filter>Render</Filter>
    </ClCompile>
    <ClCompile Include="tools\Log.cpp">
      <Filter>tools</Filter>
    </ClCompile>
    <ClCompile Include="Render\Shader.cpp">
      <Filter>Render</Filter>
    </ClCompile>
    <ClCompile Include="Render\RenderMeshVao.cpp">
      <Filter>Render</Filter>
    </ClCompile>
    <ClCompile Include="network\network.cpp">
      <Filter>network</Filter>
    </ClCompile>
    <ClCompile Include="imgui\imgui_draw.cpp">
      <Filter>3rdparty\imgui</Filter>
    </ClCompile>
    <ClCompile Include="imgui\imgui.cpp">
      <Filter>3rdparty\imgui</Filter>
    </ClCompile>
    <ClCompile Include="gui\imgui_impl_glfw_gl3.cpp">
      <Filter>3rdparty\imgui</Filter>
    </ClCompile>
    <ClCompile Include="Render\Render.cpp">
      <Filter>Render</Filter>
    </ClCompile>
    <ClCompile Include="tools\wset.h">
      <Filter>tools</Filter>
    </ClCompile>
    <ClCompile Include="Core\BlockTessellator.cpp">
      <Filter>Core\tessellator</Filter>
    </ClCompile>
    <ClCompile Include="Core\SectorTessellator.cpp">
      <Filter>Core\tessellator</Filter>
    </ClCompile>
    <ClCompile Include="Core\SplitBlockTessellator.cpp">
      <Filter>Core\tessellator</Filter>
    </ClCompile>
    <ClCompile Include="Core\Tessellator.cpp">
      <Filter>Core\tessellator</Filter>
    </ClCompile>
    <ClCompile Include="tools\order_casters.cpp">
      <Filter>tools</Filter>
    </ClCompile>
    <ClCompile Include="PerlinNoise.cpp">
      <Filter>Core\MapGen</Filter>
    </ClCompile>
    <ClCompile Include="network\NetworkManager.cpp">
      <Filter>network</Filter>
    </ClCompile>
    <ClCompile Include="Core\MapGen\WorldGenFlat.cpp">
      <Filter>Core\MapGen</Filter>
    </ClCompile>
    <ClCompile Include="gui\WindowPerfomance.cpp">
      <Filter>gui</Filter>
    </ClCompile>
    <ClCompile Include="gui\WindowBase.h">
      <Filter>gui</Filter>
    </ClCompile>
    <ClCompile Include="Core\MapGen\GenStrategy.cpp">
      <Filter>Core\MapGen</Filter>
    </ClCompile>
    <ClCompile Include="Core\MapGen\WorldGenMountains.cpp">
      <Filter>Core\MapGen</Filter>
    </ClCompile>
    <ClCompile Include="Render\RenderSector.cpp">
      <Filter>Render</Filter>
    </ClCompile>
    <ClCompile Include="Core\Material.cpp">
      <Filter>Core\Agents</Filter>
    </ClCompile>
    <ClCompile Include="gui\WindowDb.cpp">
      <Filter>gui</Filter>
    </ClCompile>
    <ClCompile Include="template\TemplateItemMaterial.cpp">
      <Filter>Core\Template</Filter>
    </ClCompile>
    <ClCompile Include="template\Template.cpp">
      <Filter>Core\Template</Filter>
    </ClCompile>
    <ClCompile Include="Core\Chest.cpp">
      <Filter>Core\Agents</Filter>
    </ClCompile>
    <ClCompile Include="gui\WindowInventory.cpp">
      <Filter>gui</Filter>
    </ClCompile>
    <ClCompile Include="tiny_obj_loader.cpp">
      <Filter>3rdparty\tiny_obj_load</Filter>
    </ClCompile>
    <ClCompile Include="Core\MeshPartialBlockGenerator.cpp">
      <Filter>Core</Filter>
    </ClCompile>
    <ClCompile Include="Core\Water.cpp">
      <Filter>Core\Agents</Filter>
    </ClCompile>
    <ClCompile Include="Core\Furnance.cpp">
      <Filter>Core\Agents</Filter>
    </ClCompile>
    <ClCompile Include="tools\ray.cpp" />
    <ClCompile Include="DragNDrop.cpp">
      <Filter>gui</Filter>
    </ClCompile>
    <ClCompile Include="Core\Fuel.cpp">
      <Filter>Core\Agents</Filter>
    </ClCompile>
    <ClCompile Include="Core\ModelTessellator.cpp">
      <Filter>Core\tessellator</Filter>
    </ClCompile>
    <ClCompile Include="template\TemplateItemMaterialBase.cpp">
      <Filter>Core\Template</Filter>
    </ClCompile>
    <ClCompile Include="Core\Heatable.cpp">
      <Filter>Core\Agents</Filter>
    </ClCompile>
    <ClCompile Include="Core\Tool.cpp">
      <Filter>Core\Agents</Filter>
    </ClCompile>
    <ClCompile Include="Core\Foliage.cpp">
      <Filter>Core\Agents</Filter>
    </ClCompile>
    <ClCompile Include="Render\ParticleSystem.cpp">
      <Filter>Render</Filter>
    </ClCompile>
    <ClCompile Include="Core\Farmland.cpp">
      <Filter>Core\Agents</Filter>
    </ClCompile>
    <ClCompile Include="Core\Plant.cpp">
      <Filter>Core\Agents</Filter>
    </ClCompile>
    <ClCompile Include="Core\WaterBoiler.cpp">
      <Filter>Core\Agents</Filter>
    </ClCompile>
    <ClCompile Include="Core\MetalSmelter.cpp">
      <Filter>Core\Agents</Filter>
    </ClCompile>
    <ClCompile Include="Core\Recipe.cpp">
      <Filter>Core</Filter>
    </ClCompile>
    <ClCompile Include="Render\Resources.cpp" />
    <ClCompile Include="Core\LiquidPipe.cpp">
      <Filter>Core\Agents</Filter>
    </ClCompile>
    <ClCompile Include="Core\CraftingTable.cpp">
      <Filter>Core\Agents</Filter>
    </ClCompile>
    <ClCompile Include="Core\SplitConnectionTesselator.cpp">
      <Filter>Core\tessellator</Filter>
    </ClCompile>
    <ClCompile Include="Core\Xyz.cpp" />
    <ClCompile Include="Core\EventBus.cpp">
      <Filter>Core\events</Filter>
    </ClCompile>
    <ClCompile Include="gui\WS.cpp" />
    <ClCompile Include="Core\GameObject.cpp">
      <Filter>Core</Filter>
    </ClCompile>
    <ClCompile Include="Settings.cpp" />
    <ClCompile Include="Core\OrderBus.cpp">
      <Filter>Core\orders</Filter>
    </ClCompile>
    <ClCompile Include="gui\WindowCraftQueue.cpp">
      <Filter>gui</Filter>
    </ClCompile>
    <ClCompile Include="gui\WindowTools.cpp">
      <Filter>gui</Filter>
    </ClCompile>
    <ClCompile Include="gui\WindowEventlog.cpp">
      <Filter>gui</Filter>
    </ClCompile>
    <ClCompile Include="gui\WindowRecipe.cpp">
      <Filter>gui</Filter>
    </ClCompile>
    <ClCompile Include="Core\ChestSlot.cpp">
      <Filter>Core\Agents</Filter>
    </ClCompile>
    <ClCompile Include="Core\Ore.cpp">
      <Filter>Core\Agents</Filter>
    </ClCompile>
    <ClCompile Include="Render\spritebatch.cpp">
      <Filter>Render</Filter>
    </ClCompile>
    <ClCompile Include="AutoVersion.cpp" />
    <ClCompile Include="gui\WindowRooms.cpp">
      <Filter>gui</Filter>
    </ClCompile>
  </ItemGroup>
  <ItemGroup>
    <ClInclude Include="FpsCounter.h" />
    <ClInclude Include="Game.h" />
    <ClInclude Include="tools\StringIntern.h">
      <Filter>tools</Filter>
    </ClInclude>
    <ClInclude Include="Core\Sector.h">
      <Filter>Core</Filter>
    </ClInclude>
    <ClInclude Include="Core\World.h">
      <Filter>Core</Filter>
    </ClInclude>
    <ClInclude Include="Core\GameObjectParams.h">
      <Filter>Core</Filter>
    </ClInclude>
    <ClInclude Include="Core\MapGen\PerlinNoise.h">
      <Filter>Core\MapGen</Filter>
    </ClInclude>
    <ClInclude Include="Core\SectorLoader.h">
      <Filter>Core</Filter>
    </ClInclude>
    <ClInclude Include="Core\Agent.h">
      <Filter>Core\Agents</Filter>
    </ClInclude>
    <ClInclude Include="Core\PositionAgent.h">
      <Filter>Core\Agents</Filter>
    </ClInclude>
    <ClInclude Include="Core\PhysicAgent.h">
      <Filter>Core\Agents</Filter>
    </ClInclude>
    <ClInclude Include="tools\Bresenham3D.h">
      <Filter>tools</Filter>
    </ClInclude>
    <ClInclude Include="tools\CoordSystem.h">
      <Filter>tools</Filter>
    </ClInclude>
    <ClInclude Include="Core\Config.h">
      <Filter>Core</Filter>
    </ClInclude>
    <ClInclude Include="Core\DB.h">
      <Filter>Core</Filter>
    </ClInclude>
    <ClInclude Include="Render\Atlas.h">
      <Filter>Render</Filter>
    </ClInclude>
    <ClInclude Include="Render\Bitmap.h">
      <Filter>Render</Filter>
    </ClInclude>
    <ClInclude Include="Render\Camera.h">
      <Filter>Render</Filter>
    </ClInclude>
    <ClInclude Include="Render\Color.h">
      <Filter>Render</Filter>
    </ClInclude>
    <ClInclude Include="Render\Texture.h">
      <Filter>Render</Filter>
    </ClInclude>
    <ClInclude Include="Render\TextureManager.h">
      <Filter>Render</Filter>
    </ClInclude>
    <ClInclude Include="Render\Vertex.h">
      <Filter>Render</Filter>
    </ClInclude>
    <ClInclude Include="Render\VertexTools.h">
      <Filter>Render</Filter>
    </ClInclude>
    <ClInclude Include="Window\Window.h">
      <Filter>Window</Filter>
    </ClInclude>
    <ClInclude Include="lodepng\lodepng.h">
      <Filter>3rdparty\lodepng</Filter>
    </ClInclude>
    <ClInclude Include="Render\RenderMeshDList.h">
      <Filter>Render</Filter>
    </ClInclude>
    <ClInclude Include="TemplateFactory.h">
      <Filter>tools</Filter>
    </ClInclude>
    <ClInclude Include="Core\MapGen\WorldWorker.h">
      <Filter>Core\MapGen</Filter>
    </ClInclude>
    <ClInclude Include="Render\Model.h">
      <Filter>Render</Filter>
    </ClInclude>
    <ClInclude Include="tools\Log.h">
      <Filter>tools</Filter>
    </ClInclude>
    <ClInclude Include="Core\TemplateFactory.h">
      <Filter>Core</Filter>
    </ClInclude>
    <ClInclude Include="Render\Shader.h">
      <Filter>Render</Filter>
    </ClInclude>
    <ClInclude Include="Render\RenderMeshVao.h">
      <Filter>Render</Filter>
    </ClInclude>
    <ClInclude Include="network\packet.h">
      <Filter>network</Filter>
    </ClInclude>
    <ClInclude Include="network\network.h">
      <Filter>network</Filter>
    </ClInclude>
    <ClInclude Include="imgui\imgui_internal.h">
      <Filter>3rdparty\imgui</Filter>
    </ClInclude>
    <ClInclude Include="imgui\imgui.h">
      <Filter>3rdparty\imgui</Filter>
    </ClInclude>
    <ClInclude Include="imgui\stb_truetype.h">
      <Filter>3rdparty\imgui</Filter>
    </ClInclude>
    <ClInclude Include="imgui\stb_textedit.h">
      <Filter>3rdparty\imgui</Filter>
    </ClInclude>
    <ClInclude Include="imgui\stb_rect_pack.h">
      <Filter>3rdparty\imgui</Filter>
    </ClInclude>
    <ClInclude Include="imgui\imconfig.h">
      <Filter>3rdparty\imgui</Filter>
    </ClInclude>
    <ClInclude Include="gui\imgui_impl_glfw_gl3.h">
      <Filter>3rdparty\imgui</Filter>
    </ClInclude>
    <ClInclude Include="Render\ErrorImage.h">
      <Filter>Render</Filter>
    </ClInclude>
    <ClInclude Include="Render\Render.h">
      <Filter>Render</Filter>
    </ClInclude>
    <ClInclude Include="Serealize.h" />
    <ClInclude Include="Core\BlockTessellator.h">
      <Filter>Core\tessellator</Filter>
    </ClInclude>
    <ClInclude Include="Core\SectorTessellator.h">
      <Filter>Core\tessellator</Filter>
    </ClInclude>
    <ClInclude Include="Core\Tessellator.h">
      <Filter>Core\tessellator</Filter>
    </ClInclude>
    <ClInclude Include="Core\TessellatorParams.h">
      <Filter>Core\tessellator</Filter>
    </ClInclude>
    <ClInclude Include="tools\order_casters.h">
      <Filter>tools</Filter>
    </ClInclude>
    <ClInclude Include="network\NetworkManager.h">
      <Filter>network</Filter>
    </ClInclude>
    <ClInclude Include="tools\QueuedThread.h">
      <Filter>tools</Filter>
    </ClInclude>
    <ClInclude Include="Core\MapGen\WorldGenFlat.h">
      <Filter>Core\MapGen</Filter>
    </ClInclude>
    <ClInclude Include="Core\SectorBase.h">
      <Filter>Core</Filter>
    </ClInclude>
    <ClInclude Include="gui\WindowPerfomance.h">
      <Filter>gui</Filter>
    </ClInclude>
    <ClInclude Include="Core\MapGen\GenStrategy.h">
      <Filter>Core\MapGen</Filter>
    </ClInclude>
    <ClInclude Include="Core\MapGen\WorldGenMountains.h">
      <Filter>Core\MapGen</Filter>
    </ClInclude>
    <ClInclude Include="Core\Material.h">
      <Filter>Core\Agents</Filter>
    </ClInclude>
    <ClInclude Include="gui\WindowDb.h">
      <Filter>gui</Filter>
    </ClInclude>
    <ClInclude Include="Render\RenderSector.h">
      <Filter>Render</Filter>
    </ClInclude>
    <ClInclude Include="template\TemplateItemMaterial.h">
      <Filter>Core\Template</Filter>
    </ClInclude>
    <ClInclude Include="template\Template.h">
      <Filter>Core\Template</Filter>
    </ClInclude>
    <ClInclude Include="gui\WindowInventory.h">
      <Filter>gui</Filter>
    </ClInclude>
    <ClInclude Include="core\Chest.h">
      <Filter>Core\Agents</Filter>
    </ClInclude>
    <ClInclude Include="Render\IRenderMeshStrategy.h">
      <Filter>Render</Filter>
    </ClInclude>
    <ClInclude Include="Render\TemplateMesh.h">
      <Filter>Render</Filter>
    </ClInclude>
    <ClInclude Include="tiny_obj_loader.h">
      <Filter>3rdparty\tiny_obj_load</Filter>
    </ClInclude>
    <ClInclude Include="Core\MeshPartialBlockGenerator.h">
      <Filter>Core</Filter>
    </ClInclude>
    <ClInclude Include="Core\Water.h">
      <Filter>Core\Agents</Filter>
    </ClInclude>
    <ClInclude Include="core\Furnance.h">
      <Filter>Core\Agents</Filter>
    </ClInclude>
    <ClInclude Include="core\ChestSlot.h">
      <Filter>Core\Agents</Filter>
    </ClInclude>
    <ClInclude Include="tools\ray.h">
      <Filter>tools</Filter>
    </ClInclude>
    <ClInclude Include="DragNDrop.h">
      <Filter>gui</Filter>
    </ClInclude>
    <ClInclude Include="core\Fuel.h">
      <Filter>Core\Agents</Filter>
    </ClInclude>
    <ClInclude Include="core\Heatable.h">
      <Filter>Core\Agents</Filter>
    </ClInclude>
    <ClInclude Include="Core\SplitBlockTessellator.h">
      <Filter>Core\tessellator</Filter>
    </ClInclude>
    <ClInclude Include="Core\ModelTessellator.h">
      <Filter>Core\tessellator</Filter>
    </ClInclude>
    <ClInclude Include="template\TemplateItemMaterialBase.h">
      <Filter>Core\Template</Filter>
    </ClInclude>
    <ClInclude Include="Core\Tool.h">
      <Filter>Core\Agents</Filter>
    </ClInclude>
    <ClInclude Include="core\Foliage.h">
      <Filter>Core\Agents</Filter>
    </ClInclude>
    <ClInclude Include="render\ParticleSystem.h">
      <Filter>Render</Filter>
    </ClInclude>
    <ClInclude Include="Core\Farmland.h">
      <Filter>Core\Agents</Filter>
    </ClInclude>
    <ClInclude Include="Core\Plant.h">
      <Filter>Core\Agents</Filter>
    </ClInclude>
    <ClInclude Include="Core\MetalSmelter.h">
      <Filter>Core\Agents</Filter>
    </ClInclude>
    <ClInclude Include="Core\WaterBoiler.h">
      <Filter>Core\Agents</Filter>
    </ClInclude>
    <ClInclude Include="Core\CraftingTable.h">
      <Filter>Core\Agents</Filter>
    </ClInclude>
    <ClInclude Include="gui\WindowRecipe.h">
      <Filter>gui</Filter>
    </ClInclude>
    <ClInclude Include="Core\LiquidPipe.h">
      <Filter>Core\Agents</Filter>
    </ClInclude>
    <ClInclude Include="Core\Recipe.h">
      <Filter>Core</Filter>
    </ClInclude>
    <ClInclude Include="Render\Resources.h" />
    <ClInclude Include="Core\LiquidController.h">
      <Filter>Core\Agents</Filter>
    </ClInclude>
    <ClInclude Include="Core\SplitConnectionTesselator.h">
      <Filter>Core\tessellator</Filter>
    </ClInclude>
    <ClInclude Include="Core\Xyz.h">
      <Filter>Core\Agents</Filter>
    </ClInclude>
    <ClInclude Include="gui\WindowEventlog.h">
      <Filter>gui</Filter>
    </ClInclude>
    <ClInclude Include="Core\EventBus.h">
      <Filter>Core\events</Filter>
    </ClInclude>
    <ClInclude Include="core\OrderBus.h">
      <Filter>Core\orders</Filter>
    </ClInclude>
    <ClInclude Include="gui\WindowTools.h">
      <Filter>gui</Filter>
    </ClInclude>
    <ClInclude Include="gui\WS.h">
      <Filter>gui</Filter>
    </ClInclude>
    <ClInclude Include="Core\GameObject.h">
      <Filter>Core</Filter>
    </ClInclude>
    <ClInclude Include="network\packetrequestplayers.h">
      <Filter>Render</Filter>
    </ClInclude>
    <ClInclude Include="Settings.h" />
    <ClInclude Include="core\Effect.h">
      <Filter>Core\Agents</Filter>
    </ClInclude>
    <ClInclude Include="gui\WindowCraftQueue.h">
      <Filter>gui</Filter>
    </ClInclude>
    <ClInclude Include="Core\CalorieConsumer.h">
      <Filter>Core\Agents</Filter>
    </ClInclude>
    <ClInclude Include="Core\Ore.h">
      <Filter>Core\Agents</Filter>
    </ClInclude>
    <ClInclude Include="Render\spritebatch.h">
      <Filter>Render</Filter>
    </ClInclude>
    <ClInclude Include="AutoVersion.h" />
    <ClInclude Include="gui\WindowRooms.h">
      <Filter>gui</Filter>
    </ClInclude>
  </ItemGroup>
  <ItemGroup>
    <None Include="shaders\basic.glsl" />
    <None Include="json\items.json">
      <Filter>Core</Filter>
    </None>
    <None Include="json\materials.json">
      <Filter>Core</Filter>
    </None>
    <None Include="json\model.json">
      <Filter>Core</Filter>
    </None>
    <None Include="BuildVersion.bat" />
  </ItemGroup>
</Project>